
Microsoft Visual Studio Solution File, Format Version 12.00
# Visual Studio Version 17
VisualStudioVersion = 17.14.36408.4
MinimumVisualStudioVersion = 10.0.40219.1
Project("{2150E333-8FDC-42A3-9474-1A3956D46DE8}") = "Services", "Services", "{02EA681E-C7D8-13C7-8484-4AC65E1B71E8}"
EndProject
Project("{FAE04EC0-301F-11D3-BF4B-00C04F79EFBC}") = "CurrentService.API", "CurrentService\CurrentService.API.csproj", "{B7CF3DB3-EC71-45BE-9DC5-F85AC73A3D86}"
EndProject
Project("{FAE04EC0-301F-11D3-BF4B-00C04F79EFBC}") = "Current.Domain", "Current.Domain\Current.Domain.csproj", "{F93EA543-82F2-49F1-A886-A34187B01516}"
EndProject
Project("{2150E333-8FDC-42A3-9474-1A3956D46DE8}") = "Cari", "Cari", "{A7B0CC04-388B-4ACA-827C-C432DCA5991C}"
EndProject
Project("{FAE04EC0-301F-11D3-BF4B-00C04F79EFBC}") = "Current.Application", "Current.Application\Current.Application.csproj", "{47EE6381-C6E4-463A-A3D2-E014B4D483B8}"
EndProject
Project("{FAE04EC0-301F-11D3-BF4B-00C04F79EFBC}") = "Current.Infrastructure", "Current.Infrastructure\Current.Infrastructure.csproj", "{4F585D49-F63A-498A-8202-FD5D84340049}"
EndProject
Project("{FAE04EC0-301F-11D3-BF4B-00C04F79EFBC}") = "CurrentService.WEBUI", "CurrentService.WEBUI\CurrentService.WEBUI.csproj", "{D0B75D16-4452-4D43-B2FF-F20EF1F86888}"
EndProject
Project("{2150E333-8FDC-42A3-9474-1A3956D46DE8}") = "FaturaBelge", "FaturaBelge", "{46F187EE-2F1E-4B7D-8818-589FBD971793}"
EndProject
Project("{FAE04EC0-301F-11D3-BF4B-00C04F79EFBC}") = "InvoiceDocumentService.API", "InvoiceDocumentService.API\InvoiceDocumentService.API.csproj", "{89175296-D165-4372-A4FE-71ED29DCC9C7}"
EndProject
Project("{FAE04EC0-301F-11D3-BF4B-00C04F79EFBC}") = "Document.Application", "Document.Application\Document.Application.csproj", "{6A730FBD-81F3-4B84-B749-0EED57A7F9E3}"
EndProject
Project("{FAE04EC0-301F-11D3-BF4B-00C04F79EFBC}") = "Document.Domain", "Document.Domain\Document.Domain.csproj", "{BACFE90E-E3C8-46D6-A123-ABE231D8C37B}"
EndProject
Project("{FAE04EC0-301F-11D3-BF4B-00C04F79EFBC}") = "Document.Infrastructure", "Document.Infrastructure\Document.Infrastructure.csproj", "{E6F1483C-7208-4A4F-9CC5-29EBE70C95B5}"
EndProject
Project("{2150E333-8FDC-42A3-9474-1A3956D46DE8}") = "IrsaliyeBelge", "IrsaliyeBelge", "{7C75C547-97F9-45DC-9676-2750681FB65A}"
EndProject
Project("{FAE04EC0-301F-11D3-BF4B-00C04F79EFBC}") = "DeliveryNoteDocumentService.API", "DeliveryNoteDocumentService.API\DeliveryNoteDocumentService.API.csproj", "{6864928F-C20E-4F95-9B5D-43204AAE62B8}"
EndProject
Project("{FAE04EC0-301F-11D3-BF4B-00C04F79EFBC}") = "DeliveryNote.Application", "DeliveryNote.Application\DeliveryNote.Application.csproj", "{E8C0FEB4-EC6E-4A24-991A-CB22820369D1}"
EndProject
Project("{FAE04EC0-301F-11D3-BF4B-00C04F79EFBC}") = "DeliveryNote.Domain", "DeliveryNote.Domain\DeliveryNote.Domain.csproj", "{6DCD9412-80C1-429F-9617-1112DCD5426D}"
EndProject
Project("{FAE04EC0-301F-11D3-BF4B-00C04F79EFBC}") = "DeliveryNote.Infrastructure", "DeliveryNote.Infrastructure\DeliveryNote.Infrastructure.csproj", "{222F3BA4-5723-4E18-BCFB-5C5D17C05719}"
EndProject
Project("{2150E333-8FDC-42A3-9474-1A3956D46DE8}") = "CariBelge", "CariBelge", "{F104B00F-C5C7-401C-AC4B-B581CC0C72C3}"
EndProject
Project("{FAE04EC0-301F-11D3-BF4B-00C04F79EFBC}") = "CurrentDocumentService.API", "CurrentDocumentService.API\CurrentDocumentService.API.csproj", "{50E4959E-465F-45B4-8DF1-F5F4F6647A2A}"
EndProject
Project("{FAE04EC0-301F-11D3-BF4B-00C04F79EFBC}") = "CurrentDocument.Application", "CurrentDocument.Application\CurrentDocument.Application.csproj", "{6E468A75-911C-40F2-B7B9-1CB54FA6DA4B}"
EndProject
Project("{FAE04EC0-301F-11D3-BF4B-00C04F79EFBC}") = "CurrentDocument.Domain", "CurrentDocument.Domain\CurrentDocument.Domain.csproj", "{0DB2DE86-862F-4512-A637-62FDE06AA3A4}"
EndProject
Project("{FAE04EC0-301F-11D3-BF4B-00C04F79EFBC}") = "CurrentDocument.Infrastructure", "CurrentDocument.Infrastructure\CurrentDocument.Infrastructure.csproj", "{68AF4C34-F26B-4C64-B77B-64EA919F8CE7}"
EndProject
Project("{2150E333-8FDC-42A3-9474-1A3956D46DE8}") = "StokBelge", "StokBelge", "{B90228C5-32B2-46EB-8684-60BD2055CB99}"
EndProject
Project("{FAE04EC0-301F-11D3-BF4B-00C04F79EFBC}") = "StockDocumentService.API", "StockDocumentService.API\StockDocumentService.API.csproj", "{72E95D32-4767-4CB7-81E8-F10C1FCFBD18}"
EndProject
Project("{FAE04EC0-301F-11D3-BF4B-00C04F79EFBC}") = "StockDocument.Application", "StockDocument.Application\StockDocument.Application.csproj", "{A371AC20-668B-4F70-890F-07FC5E7C68BB}"
EndProject
Project("{FAE04EC0-301F-11D3-BF4B-00C04F79EFBC}") = "StockDocument.Domain", "StockDocument.Domain\StockDocument.Domain.csproj", "{9AF07839-ACC5-4C62-899F-EC8921219609}"
EndProject
Project("{FAE04EC0-301F-11D3-BF4B-00C04F79EFBC}") = "StockDocument.Infrastructure", "StockDocument.Infrastructure\StockDocument.Infrastructure.csproj", "{2BD3CCAA-0FA1-4B16-9507-FF3812BACBE1}"
EndProject
Project("{2150E333-8FDC-42A3-9474-1A3956D46DE8}") = "Kasa", "Kasa", "{402B9457-DE64-4D1A-AEC2-77332888162F}"
EndProject
Project("{FAE04EC0-301F-11D3-BF4B-00C04F79EFBC}") = "StockDocument.Persistence", "StockDocument.Persistence\StockDocument.Persistence.csproj", "{BB10A5FF-20A8-4E16-8E3E-79DB5B8D171B}"
EndProject
Project("{FAE04EC0-301F-11D3-BF4B-00C04F79EFBC}") = "StockDocument.Shared", "StockDocument.Shared\StockDocument.Shared.csproj", "{13B5ECB9-A28B-406A-B6F6-A8D3EEB11D4E}"
EndProject
Project("{2150E333-8FDC-42A3-9474-1A3956D46DE8}") = "ApiGateway", "ApiGateway", "{67B75494-463E-4E92-9DA8-249C16D107F7}"
EndProject
Project("{FAE04EC0-301F-11D3-BF4B-00C04F79EFBC}") = "CurrentDocument.Persistence", "CurrentDocument.Persistence\CurrentDocument.Persistence.csproj", "{441AD5B3-6A36-4602-9214-5D42958E364B}"
EndProject
Project("{FAE04EC0-301F-11D3-BF4B-00C04F79EFBC}") = "CurrentDocument.Shared", "CurrentDocument.Shared\CurrentDocument.Shared.csproj", "{914CD573-86B4-4D87-9599-8DFE8A3ABC7B}"
EndProject
Project("{FAE04EC0-301F-11D3-BF4B-00C04F79EFBC}") = "Document.Persistence", "Document.Persistence\Document.Persistence.csproj", "{B25C3467-C3C2-48DD-AFC3-E9B4EAA6E7F7}"
EndProject
Project("{FAE04EC0-301F-11D3-BF4B-00C04F79EFBC}") = "Document.Shared", "Document.Shared\Document.Shared.csproj", "{C792B0F3-9857-4D6A-BF35-B8638480AEEE}"
EndProject
Project("{FAE04EC0-301F-11D3-BF4B-00C04F79EFBC}") = "DeliveryNote.Persistence", "DeliveryNote.Persistence\DeliveryNote.Persistence.csproj", "{4230A859-0181-46F9-98C4-B19912037E98}"
EndProject
Project("{FAE04EC0-301F-11D3-BF4B-00C04F79EFBC}") = "DeliveryNote.Shared", "DeliveryNote.Shared\DeliveryNote.Shared.csproj", "{122392FE-CD06-488A-8389-05356DAFD46F}"
EndProject
Global
	GlobalSection(SolutionConfigurationPlatforms) = preSolution
		Debug|Any CPU = Debug|Any CPU
		Release|Any CPU = Release|Any CPU
	EndGlobalSection
	GlobalSection(ProjectConfigurationPlatforms) = postSolution
		{B7CF3DB3-EC71-45BE-9DC5-F85AC73A3D86}.Debug|Any CPU.ActiveCfg = Debug|Any CPU
		{B7CF3DB3-EC71-45BE-9DC5-F85AC73A3D86}.Debug|Any CPU.Build.0 = Debug|Any CPU
		{B7CF3DB3-EC71-45BE-9DC5-F85AC73A3D86}.Release|Any CPU.ActiveCfg = Release|Any CPU
		{B7CF3DB3-EC71-45BE-9DC5-F85AC73A3D86}.Release|Any CPU.Build.0 = Release|Any CPU
		{F93EA543-82F2-49F1-A886-A34187B01516}.Debug|Any CPU.ActiveCfg = Debug|Any CPU
		{F93EA543-82F2-49F1-A886-A34187B01516}.Debug|Any CPU.Build.0 = Debug|Any CPU
		{F93EA543-82F2-49F1-A886-A34187B01516}.Release|Any CPU.ActiveCfg = Release|Any CPU
		{F93EA543-82F2-49F1-A886-A34187B01516}.Release|Any CPU.Build.0 = Release|Any CPU
		{47EE6381-C6E4-463A-A3D2-E014B4D483B8}.Debug|Any CPU.ActiveCfg = Debug|Any CPU
		{47EE6381-C6E4-463A-A3D2-E014B4D483B8}.Debug|Any CPU.Build.0 = Debug|Any CPU
		{47EE6381-C6E4-463A-A3D2-E014B4D483B8}.Release|Any CPU.ActiveCfg = Release|Any CPU
		{47EE6381-C6E4-463A-A3D2-E014B4D483B8}.Release|Any CPU.Build.0 = Release|Any CPU
		{4F585D49-F63A-498A-8202-FD5D84340049}.Debug|Any CPU.ActiveCfg = Debug|Any CPU
		{4F585D49-F63A-498A-8202-FD5D84340049}.Debug|Any CPU.Build.0 = Debug|Any CPU
		{4F585D49-F63A-498A-8202-FD5D84340049}.Release|Any CPU.ActiveCfg = Release|Any CPU
		{4F585D49-F63A-498A-8202-FD5D84340049}.Release|Any CPU.Build.0 = Release|Any CPU
		{D0B75D16-4452-4D43-B2FF-F20EF1F86888}.Debug|Any CPU.ActiveCfg = Debug|Any CPU
		{D0B75D16-4452-4D43-B2FF-F20EF1F86888}.Debug|Any CPU.Build.0 = Debug|Any CPU
		{D0B75D16-4452-4D43-B2FF-F20EF1F86888}.Release|Any CPU.ActiveCfg = Release|Any CPU
		{D0B75D16-4452-4D43-B2FF-F20EF1F86888}.Release|Any CPU.Build.0 = Release|Any CPU
		{89175296-D165-4372-A4FE-71ED29DCC9C7}.Debug|Any CPU.ActiveCfg = Debug|Any CPU
		{89175296-D165-4372-A4FE-71ED29DCC9C7}.Debug|Any CPU.Build.0 = Debug|Any CPU
		{89175296-D165-4372-A4FE-71ED29DCC9C7}.Release|Any CPU.ActiveCfg = Release|Any CPU
		{89175296-D165-4372-A4FE-71ED29DCC9C7}.Release|Any CPU.Build.0 = Release|Any CPU
		{6A730FBD-81F3-4B84-B749-0EED57A7F9E3}.Debug|Any CPU.ActiveCfg = Debug|Any CPU
		{6A730FBD-81F3-4B84-B749-0EED57A7F9E3}.Debug|Any CPU.Build.0 = Debug|Any CPU
		{6A730FBD-81F3-4B84-B749-0EED57A7F9E3}.Release|Any CPU.ActiveCfg = Release|Any CPU
		{6A730FBD-81F3-4B84-B749-0EED57A7F9E3}.Release|Any CPU.Build.0 = Release|Any CPU
		{BACFE90E-E3C8-46D6-A123-ABE231D8C37B}.Debug|Any CPU.ActiveCfg = Debug|Any CPU
		{BACFE90E-E3C8-46D6-A123-ABE231D8C37B}.Debug|Any CPU.Build.0 = Debug|Any CPU
		{BACFE90E-E3C8-46D6-A123-ABE231D8C37B}.Release|Any CPU.ActiveCfg = Release|Any CPU
		{BACFE90E-E3C8-46D6-A123-ABE231D8C37B}.Release|Any CPU.Build.0 = Release|Any CPU
		{E6F1483C-7208-4A4F-9CC5-29EBE70C95B5}.Debug|Any CPU.ActiveCfg = Debug|Any CPU
		{E6F1483C-7208-4A4F-9CC5-29EBE70C95B5}.Debug|Any CPU.Build.0 = Debug|Any CPU
		{E6F1483C-7208-4A4F-9CC5-29EBE70C95B5}.Release|Any CPU.ActiveCfg = Release|Any CPU
		{E6F1483C-7208-4A4F-9CC5-29EBE70C95B5}.Release|Any CPU.Build.0 = Release|Any CPU
		{6864928F-C20E-4F95-9B5D-43204AAE62B8}.Debug|Any CPU.ActiveCfg = Debug|Any CPU
		{6864928F-C20E-4F95-9B5D-43204AAE62B8}.Debug|Any CPU.Build.0 = Debug|Any CPU
		{6864928F-C20E-4F95-9B5D-43204AAE62B8}.Release|Any CPU.ActiveCfg = Release|Any CPU
		{6864928F-C20E-4F95-9B5D-43204AAE62B8}.Release|Any CPU.Build.0 = Release|Any CPU
		{E8C0FEB4-EC6E-4A24-991A-CB22820369D1}.Debug|Any CPU.ActiveCfg = Debug|Any CPU
		{E8C0FEB4-EC6E-4A24-991A-CB22820369D1}.Debug|Any CPU.Build.0 = Debug|Any CPU
		{E8C0FEB4-EC6E-4A24-991A-CB22820369D1}.Release|Any CPU.ActiveCfg = Release|Any CPU
		{E8C0FEB4-EC6E-4A24-991A-CB22820369D1}.Release|Any CPU.Build.0 = Release|Any CPU
		{6DCD9412-80C1-429F-9617-1112DCD5426D}.Debug|Any CPU.ActiveCfg = Debug|Any CPU
		{6DCD9412-80C1-429F-9617-1112DCD5426D}.Debug|Any CPU.Build.0 = Debug|Any CPU
		{6DCD9412-80C1-429F-9617-1112DCD5426D}.Release|Any CPU.ActiveCfg = Release|Any CPU
		{6DCD9412-80C1-429F-9617-1112DCD5426D}.Release|Any CPU.Build.0 = Release|Any CPU
		{222F3BA4-5723-4E18-BCFB-5C5D17C05719}.Debug|Any CPU.ActiveCfg = Debug|Any CPU
		{222F3BA4-5723-4E18-BCFB-5C5D17C05719}.Debug|Any CPU.Build.0 = Debug|Any CPU
		{222F3BA4-5723-4E18-BCFB-5C5D17C05719}.Release|Any CPU.ActiveCfg = Release|Any CPU
		{222F3BA4-5723-4E18-BCFB-5C5D17C05719}.Release|Any CPU.Build.0 = Release|Any CPU
		{50E4959E-465F-45B4-8DF1-F5F4F6647A2A}.Debug|Any CPU.ActiveCfg = Debug|Any CPU
		{50E4959E-465F-45B4-8DF1-F5F4F6647A2A}.Debug|Any CPU.Build.0 = Debug|Any CPU
		{50E4959E-465F-45B4-8DF1-F5F4F6647A2A}.Release|Any CPU.ActiveCfg = Release|Any CPU
		{50E4959E-465F-45B4-8DF1-F5F4F6647A2A}.Release|Any CPU.Build.0 = Release|Any CPU
		{6E468A75-911C-40F2-B7B9-1CB54FA6DA4B}.Debug|Any CPU.ActiveCfg = Debug|Any CPU
		{6E468A75-911C-40F2-B7B9-1CB54FA6DA4B}.Debug|Any CPU.Build.0 = Debug|Any CPU
		{6E468A75-911C-40F2-B7B9-1CB54FA6DA4B}.Release|Any CPU.ActiveCfg = Release|Any CPU
		{6E468A75-911C-40F2-B7B9-1CB54FA6DA4B}.Release|Any CPU.Build.0 = Release|Any CPU
		{0DB2DE86-862F-4512-A637-62FDE06AA3A4}.Debug|Any CPU.ActiveCfg = Debug|Any CPU
		{0DB2DE86-862F-4512-A637-62FDE06AA3A4}.Debug|Any CPU.Build.0 = Debug|Any CPU
		{0DB2DE86-862F-4512-A637-62FDE06AA3A4}.Release|Any CPU.ActiveCfg = Release|Any CPU
		{0DB2DE86-862F-4512-A637-62FDE06AA3A4}.Release|Any CPU.Build.0 = Release|Any CPU
		{68AF4C34-F26B-4C64-B77B-64EA919F8CE7}.Debug|Any CPU.ActiveCfg = Debug|Any CPU
		{68AF4C34-F26B-4C64-B77B-64EA919F8CE7}.Debug|Any CPU.Build.0 = Debug|Any CPU
		{68AF4C34-F26B-4C64-B77B-64EA919F8CE7}.Release|Any CPU.ActiveCfg = Release|Any CPU
		{68AF4C34-F26B-4C64-B77B-64EA919F8CE7}.Release|Any CPU.Build.0 = Release|Any CPU
		{72E95D32-4767-4CB7-81E8-F10C1FCFBD18}.Debug|Any CPU.ActiveCfg = Debug|Any CPU
		{72E95D32-4767-4CB7-81E8-F10C1FCFBD18}.Debug|Any CPU.Build.0 = Debug|Any CPU
		{72E95D32-4767-4CB7-81E8-F10C1FCFBD18}.Release|Any CPU.ActiveCfg = Release|Any CPU
		{72E95D32-4767-4CB7-81E8-F10C1FCFBD18}.Release|Any CPU.Build.0 = Release|Any CPU
		{A371AC20-668B-4F70-890F-07FC5E7C68BB}.Debug|Any CPU.ActiveCfg = Debug|Any CPU
		{A371AC20-668B-4F70-890F-07FC5E7C68BB}.Debug|Any CPU.Build.0 = Debug|Any CPU
		{A371AC20-668B-4F70-890F-07FC5E7C68BB}.Release|Any CPU.ActiveCfg = Release|Any CPU
		{A371AC20-668B-4F70-890F-07FC5E7C68BB}.Release|Any CPU.Build.0 = Release|Any CPU
		{9AF07839-ACC5-4C62-899F-EC8921219609}.Debug|Any CPU.ActiveCfg = Debug|Any CPU
		{9AF07839-ACC5-4C62-899F-EC8921219609}.Debug|Any CPU.Build.0 = Debug|Any CPU
		{9AF07839-ACC5-4C62-899F-EC8921219609}.Release|Any CPU.ActiveCfg = Release|Any CPU
		{9AF07839-ACC5-4C62-899F-EC8921219609}.Release|Any CPU.Build.0 = Release|Any CPU
		{2BD3CCAA-0FA1-4B16-9507-FF3812BACBE1}.Debug|Any CPU.ActiveCfg = Debug|Any CPU
		{2BD3CCAA-0FA1-4B16-9507-FF3812BACBE1}.Debug|Any CPU.Build.0 = Debug|Any CPU
		{2BD3CCAA-0FA1-4B16-9507-FF3812BACBE1}.Release|Any CPU.ActiveCfg = Release|Any CPU
		{2BD3CCAA-0FA1-4B16-9507-FF3812BACBE1}.Release|Any CPU.Build.0 = Release|Any CPU
		{BB10A5FF-20A8-4E16-8E3E-79DB5B8D171B}.Debug|Any CPU.ActiveCfg = Debug|Any CPU
		{BB10A5FF-20A8-4E16-8E3E-79DB5B8D171B}.Debug|Any CPU.Build.0 = Debug|Any CPU
		{BB10A5FF-20A8-4E16-8E3E-79DB5B8D171B}.Release|Any CPU.ActiveCfg = Release|Any CPU
		{BB10A5FF-20A8-4E16-8E3E-79DB5B8D171B}.Release|Any CPU.Build.0 = Release|Any CPU
		{13B5ECB9-A28B-406A-B6F6-A8D3EEB11D4E}.Debug|Any CPU.ActiveCfg = Debug|Any CPU
		{13B5ECB9-A28B-406A-B6F6-A8D3EEB11D4E}.Debug|Any CPU.Build.0 = Debug|Any CPU
		{13B5ECB9-A28B-406A-B6F6-A8D3EEB11D4E}.Release|Any CPU.ActiveCfg = Release|Any CPU
		{13B5ECB9-A28B-406A-B6F6-A8D3EEB11D4E}.Release|Any CPU.Build.0 = Release|Any CPU
		{441AD5B3-6A36-4602-9214-5D42958E364B}.Debug|Any CPU.ActiveCfg = Debug|Any CPU
		{441AD5B3-6A36-4602-9214-5D42958E364B}.Debug|Any CPU.Build.0 = Debug|Any CPU
		{441AD5B3-6A36-4602-9214-5D42958E364B}.Release|Any CPU.ActiveCfg = Release|Any CPU
		{441AD5B3-6A36-4602-9214-5D42958E364B}.Release|Any CPU.Build.0 = Release|Any CPU
		{914CD573-86B4-4D87-9599-8DFE8A3ABC7B}.Debug|Any CPU.ActiveCfg = Debug|Any CPU
		{914CD573-86B4-4D87-9599-8DFE8A3ABC7B}.Debug|Any CPU.Build.0 = Debug|Any CPU
		{914CD573-86B4-4D87-9599-8DFE8A3ABC7B}.Release|Any CPU.ActiveCfg = Release|Any CPU
		{914CD573-86B4-4D87-9599-8DFE8A3ABC7B}.Release|Any CPU.Build.0 = Release|Any CPU
		{B25C3467-C3C2-48DD-AFC3-E9B4EAA6E7F7}.Debug|Any CPU.ActiveCfg = Debug|Any CPU
		{B25C3467-C3C2-48DD-AFC3-E9B4EAA6E7F7}.Debug|Any CPU.Build.0 = Debug|Any CPU
		{B25C3467-C3C2-48DD-AFC3-E9B4EAA6E7F7}.Release|Any CPU.ActiveCfg = Release|Any CPU
		{B25C3467-C3C2-48DD-AFC3-E9B4EAA6E7F7}.Release|Any CPU.Build.0 = Release|Any CPU
		{C792B0F3-9857-4D6A-BF35-B8638480AEEE}.Debug|Any CPU.ActiveCfg = Debug|Any CPU
		{C792B0F3-9857-4D6A-BF35-B8638480AEEE}.Debug|Any CPU.Build.0 = Debug|Any CPU
		{C792B0F3-9857-4D6A-BF35-B8638480AEEE}.Release|Any CPU.ActiveCfg = Release|Any CPU
		{C792B0F3-9857-4D6A-BF35-B8638480AEEE}.Release|Any CPU.Build.0 = Release|Any CPU
		{4230A859-0181-46F9-98C4-B19912037E98}.Debug|Any CPU.ActiveCfg = Debug|Any CPU
		{4230A859-0181-46F9-98C4-B19912037E98}.Debug|Any CPU.Build.0 = Debug|Any CPU
		{4230A859-0181-46F9-98C4-B19912037E98}.Release|Any CPU.ActiveCfg = Release|Any CPU
		{4230A859-0181-46F9-98C4-B19912037E98}.Release|Any CPU.Build.0 = Release|Any CPU
		{122392FE-CD06-488A-8389-05356DAFD46F}.Debug|Any CPU.ActiveCfg = Debug|Any CPU
		{122392FE-CD06-488A-8389-05356DAFD46F}.Debug|Any CPU.Build.0 = Debug|Any CPU
		{122392FE-CD06-488A-8389-05356DAFD46F}.Release|Any CPU.ActiveCfg = Release|Any CPU
		{122392FE-CD06-488A-8389-05356DAFD46F}.Release|Any CPU.Build.0 = Release|Any CPU
	EndGlobalSection
	GlobalSection(SolutionProperties) = preSolution
		HideSolutionNode = FALSE
	EndGlobalSection
	GlobalSection(NestedProjects) = preSolution
		{B7CF3DB3-EC71-45BE-9DC5-F85AC73A3D86} = {A7B0CC04-388B-4ACA-827C-C432DCA5991C}
		{F93EA543-82F2-49F1-A886-A34187B01516} = {A7B0CC04-388B-4ACA-827C-C432DCA5991C}
		{A7B0CC04-388B-4ACA-827C-C432DCA5991C} = {02EA681E-C7D8-13C7-8484-4AC65E1B71E8}
		{47EE6381-C6E4-463A-A3D2-E014B4D483B8} = {A7B0CC04-388B-4ACA-827C-C432DCA5991C}
		{4F585D49-F63A-498A-8202-FD5D84340049} = {A7B0CC04-388B-4ACA-827C-C432DCA5991C}
		{46F187EE-2F1E-4B7D-8818-589FBD971793} = {02EA681E-C7D8-13C7-8484-4AC65E1B71E8}
		{89175296-D165-4372-A4FE-71ED29DCC9C7} = {46F187EE-2F1E-4B7D-8818-589FBD971793}
		{6A730FBD-81F3-4B84-B749-0EED57A7F9E3} = {46F187EE-2F1E-4B7D-8818-589FBD971793}
		{BACFE90E-E3C8-46D6-A123-ABE231D8C37B} = {46F187EE-2F1E-4B7D-8818-589FBD971793}
		{E6F1483C-7208-4A4F-9CC5-29EBE70C95B5} = {46F187EE-2F1E-4B7D-8818-589FBD971793}
		{7C75C547-97F9-45DC-9676-2750681FB65A} = {02EA681E-C7D8-13C7-8484-4AC65E1B71E8}
		{6864928F-C20E-4F95-9B5D-43204AAE62B8} = {7C75C547-97F9-45DC-9676-2750681FB65A}
		{E8C0FEB4-EC6E-4A24-991A-CB22820369D1} = {7C75C547-97F9-45DC-9676-2750681FB65A}
		{6DCD9412-80C1-429F-9617-1112DCD5426D} = {7C75C547-97F9-45DC-9676-2750681FB65A}
		{222F3BA4-5723-4E18-BCFB-5C5D17C05719} = {7C75C547-97F9-45DC-9676-2750681FB65A}
		{F104B00F-C5C7-401C-AC4B-B581CC0C72C3} = {02EA681E-C7D8-13C7-8484-4AC65E1B71E8}
		{50E4959E-465F-45B4-8DF1-F5F4F6647A2A} = {F104B00F-C5C7-401C-AC4B-B581CC0C72C3}
		{6E468A75-911C-40F2-B7B9-1CB54FA6DA4B} = {F104B00F-C5C7-401C-AC4B-B581CC0C72C3}
		{0DB2DE86-862F-4512-A637-62FDE06AA3A4} = {F104B00F-C5C7-401C-AC4B-B581CC0C72C3}
		{68AF4C34-F26B-4C64-B77B-64EA919F8CE7} = {F104B00F-C5C7-401C-AC4B-B581CC0C72C3}
		{B90228C5-32B2-46EB-8684-60BD2055CB99} = {02EA681E-C7D8-13C7-8484-4AC65E1B71E8}
		{72E95D32-4767-4CB7-81E8-F10C1FCFBD18} = {B90228C5-32B2-46EB-8684-60BD2055CB99}
		{A371AC20-668B-4F70-890F-07FC5E7C68BB} = {B90228C5-32B2-46EB-8684-60BD2055CB99}
		{9AF07839-ACC5-4C62-899F-EC8921219609} = {B90228C5-32B2-46EB-8684-60BD2055CB99}
		{2BD3CCAA-0FA1-4B16-9507-FF3812BACBE1} = {B90228C5-32B2-46EB-8684-60BD2055CB99}
		{402B9457-DE64-4D1A-AEC2-77332888162F} = {02EA681E-C7D8-13C7-8484-4AC65E1B71E8}
		{BB10A5FF-20A8-4E16-8E3E-79DB5B8D171B} = {B90228C5-32B2-46EB-8684-60BD2055CB99}
		{13B5ECB9-A28B-406A-B6F6-A8D3EEB11D4E} = {B90228C5-32B2-46EB-8684-60BD2055CB99}
		{441AD5B3-6A36-4602-9214-5D42958E364B} = {F104B00F-C5C7-401C-AC4B-B581CC0C72C3}
		{914CD573-86B4-4D87-9599-8DFE8A3ABC7B} = {F104B00F-C5C7-401C-AC4B-B581CC0C72C3}
		{B25C3467-C3C2-48DD-AFC3-E9B4EAA6E7F7} = {46F187EE-2F1E-4B7D-8818-589FBD971793}
		{C792B0F3-9857-4D6A-BF35-B8638480AEEE} = {46F187EE-2F1E-4B7D-8818-589FBD971793}
		{4230A859-0181-46F9-98C4-B19912037E98} = {7C75C547-97F9-45DC-9676-2750681FB65A}
		{122392FE-CD06-488A-8389-05356DAFD46F} = {7C75C547-97F9-45DC-9676-2750681FB65A}
	EndGlobalSection
	GlobalSection(ExtensibilityGlobals) = postSolution
		SolutionGuid = {96A3470D-8484-46CA-ACD2-31CCDB0C7704}
	EndGlobalSection
EndGlobal
